// !$*UTF8*$!
{
	archiveVersion = 1;
	classes = {
	};
	objectVersion = 46;
	objects = {

/* Begin PBXBuildFile section */
		042FB3861EC134C3006C643D /* AppDelegate.swift in Sources */ = {isa = PBXBuildFile; fileRef = 042FB3851EC134C3006C643D /* AppDelegate.swift */; };
		042FB3881EC134C3006C643D /* ViewController.swift in Sources */ = {isa = PBXBuildFile; fileRef = 042FB3871EC134C3006C643D /* ViewController.swift */; };
		042FB38B1EC134C3006C643D /* Main.storyboard in Resources */ = {isa = PBXBuildFile; fileRef = 042FB3891EC134C3006C643D /* Main.storyboard */; };
		042FB38D1EC134C3006C643D /* Assets.xcassets in Resources */ = {isa = PBXBuildFile; fileRef = 042FB38C1EC134C3006C643D /* Assets.xcassets */; };
		042FB3901EC134C3006C643D /* LaunchScreen.storyboard in Resources */ = {isa = PBXBuildFile; fileRef = 042FB38E1EC134C3006C643D /* LaunchScreen.storyboard */; };
		042FB39B1EC134C3006C643D /* exampleEventPageTests.swift in Sources */ = {isa = PBXBuildFile; fileRef = 042FB39A1EC134C3006C643D /* exampleEventPageTests.swift */; };
		042FB3A61EC134C3006C643D /* exampleEventPageUITests.swift in Sources */ = {isa = PBXBuildFile; fileRef = 042FB3A51EC134C3006C643D /* exampleEventPageUITests.swift */; };
		042FB3B41EC134D1006C643D /* EventsStoryboard.storyboard in Resources */ = {isa = PBXBuildFile; fileRef = 042FB3B31EC134D1006C643D /* EventsStoryboard.storyboard */; };
/* End PBXBuildFile section */

/* Begin PBXContainerItemProxy section */
		042FB3971EC134C3006C643D /* PBXContainerItemProxy */ = {
			isa = PBXContainerItemProxy;
			containerPortal = 042FB37A1EC134C3006C643D /* Project object */;
			proxyType = 1;
			remoteGlobalIDString = 042FB3811EC134C3006C643D;
			remoteInfo = exampleEventPage;
		};
		042FB3A21EC134C3006C643D /* PBXContainerItemProxy */ = {
			isa = PBXContainerItemProxy;
			containerPortal = 042FB37A1EC134C3006C643D /* Project object */;
			proxyType = 1;
			remoteGlobalIDString = 042FB3811EC134C3006C643D;
			remoteInfo = exampleEventPage;
		};
/* End PBXContainerItemProxy section */

/* Begin PBXFileReference section */
		042FB3821EC134C3006C643D /* exampleEventPage.app */ = {isa = PBXFileReference; explicitFileType = wrapper.application; includeInIndex = 0; path = exampleEventPage.app; sourceTree = BUILT_PRODUCTS_DIR; };
		042FB3851EC134C3006C643D /* AppDelegate.swift */ = {isa = PBXFileReference; lastKnownFileType = sourcecode.swift; path = AppDelegate.swift; sourceTree = "<group>"; };
		042FB3871EC134C3006C643D /* ViewController.swift */ = {isa = PBXFileReference; lastKnownFileType = sourcecode.swift; path = ViewController.swift; sourceTree = "<group>"; };
		042FB38A1EC134C3006C643D /* Base */ = {isa = PBXFileReference; lastKnownFileType = file.storyboard; name = Base; path = Base.lproj/Main.storyboard; sourceTree = "<group>"; };
		042FB38C1EC134C3006C643D /* Assets.xcassets */ = {isa = PBXFileReference; lastKnownFileType = folder.assetcatalog; path = Assets.xcassets; sourceTree = "<group>"; };
		042FB38F1EC134C3006C643D /* Base */ = {isa = PBXFileReference; lastKnownFileType = file.storyboard; name = Base; path = Base.lproj/LaunchScreen.storyboard; sourceTree = "<group>"; };
		042FB3911EC134C3006C643D /* Info.plist */ = {isa = PBXFileReference; lastKnownFileType = text.plist.xml; path = Info.plist; sourceTree = "<group>"; };
		042FB3961EC134C3006C643D /* exampleEventPageTests.xctest */ = {isa = PBXFileReference; explicitFileType = wrapper.cfbundle; includeInIndex = 0; path = exampleEventPageTests.xctest; sourceTree = BUILT_PRODUCTS_DIR; };
		042FB39A1EC134C3006C643D /* exampleEventPageTests.swift */ = {isa = PBXFileReference; lastKnownFileType = sourcecode.swift; path = exampleEventPageTests.swift; sourceTree = "<group>"; };
		042FB39C1EC134C3006C643D /* Info.plist */ = {isa = PBXFileReference; lastKnownFileType = text.plist.xml; path = Info.plist; sourceTree = "<group>"; };
		042FB3A11EC134C3006C643D /* exampleEventPageUITests.xctest */ = {isa = PBXFileReference; explicitFileType = wrapper.cfbundle; includeInIndex = 0; path = exampleEventPageUITests.xctest; sourceTree = BUILT_PRODUCTS_DIR; };
		042FB3A51EC134C3006C643D /* exampleEventPageUITests.swift */ = {isa = PBXFileReference; lastKnownFileType = sourcecode.swift; path = exampleEventPageUITests.swift; sourceTree = "<group>"; };
		042FB3A71EC134C3006C643D /* Info.plist */ = {isa = PBXFileReference; lastKnownFileType = text.plist.xml; path = Info.plist; sourceTree = "<group>"; };
		042FB3B31EC134D1006C643D /* EventsStoryboard.storyboard */ = {isa = PBXFileReference; fileEncoding = 4; lastKnownFileType = file.storyboard; path = EventsStoryboard.storyboard; sourceTree = "<group>"; };
/* End PBXFileReference section */

/* Begin PBXFrameworksBuildPhase section */
		042FB37F1EC134C3006C643D /* Frameworks */ = {
			isa = PBXFrameworksBuildPhase;
			buildActionMask = 2147483647;
			files = (
			);
			runOnlyForDeploymentPostprocessing = 0;
		};
		042FB3931EC134C3006C643D /* Frameworks */ = {
			isa = PBXFrameworksBuildPhase;
			buildActionMask = 2147483647;
			files = (
			);
			runOnlyForDeploymentPostprocessing = 0;
		};
		042FB39E1EC134C3006C643D /* Frameworks */ = {
			isa = PBXFrameworksBuildPhase;
			buildActionMask = 2147483647;
			files = (
			);
			runOnlyForDeploymentPostprocessing = 0;
		};
/* End PBXFrameworksBuildPhase section */

/* Begin PBXGroup section */
		042FB3791EC134C3006C643D = {
			isa = PBXGroup;
			children = (
				042FB3841EC134C3006C643D /* exampleEventPage */,
				042FB3991EC134C3006C643D /* exampleEventPageTests */,
				042FB3A41EC134C3006C643D /* exampleEventPageUITests */,
				042FB3831EC134C3006C643D /* Products */,
			);
			sourceTree = "<group>";
		};
		042FB3831EC134C3006C643D /* Products */ = {
			isa = PBXGroup;
			children = (
				042FB3821EC134C3006C643D /* exampleEventPage.app */,
				042FB3961EC134C3006C643D /* exampleEventPageTests.xctest */,
				042FB3A11EC134C3006C643D /* exampleEventPageUITests.xctest */,
			);
			name = Products;
			sourceTree = "<group>";
		};
		042FB3841EC134C3006C643D /* exampleEventPage */ = {
			isa = PBXGroup;
			children = (
				042FB3B31EC134D1006C643D /* EventsStoryboard.storyboard */,
				042FB3851EC134C3006C643D /* AppDelegate.swift */,
				042FB3871EC134C3006C643D /* ViewController.swift */,
				042FB3891EC134C3006C643D /* Main.storyboard */,
				042FB38C1EC134C3006C643D /* Assets.xcassets */,
				042FB38E1EC134C3006C643D /* LaunchScreen.storyboard */,
				042FB3911EC134C3006C643D /* Info.plist */,
			);
			path = exampleEventPage;
			sourceTree = "<group>";
		};
		042FB3991EC134C3006C643D /* exampleEventPageTests */ = {
			isa = PBXGroup;
			children = (
				042FB39A1EC134C3006C643D /* exampleEventPageTests.swift */,
				042FB39C1EC134C3006C643D /* Info.plist */,
			);
			path = exampleEventPageTests;
			sourceTree = "<group>";
		};
		042FB3A41EC134C3006C643D /* exampleEventPageUITests */ = {
			isa = PBXGroup;
			children = (
				042FB3A51EC134C3006C643D /* exampleEventPageUITests.swift */,
				042FB3A71EC134C3006C643D /* Info.plist */,
			);
			path = exampleEventPageUITests;
			sourceTree = "<group>";
		};
/* End PBXGroup section */

/* Begin PBXNativeTarget section */
		042FB3811EC134C3006C643D /* exampleEventPage */ = {
			isa = PBXNativeTarget;
			buildConfigurationList = 042FB3AA1EC134C3006C643D /* Build configuration list for PBXNativeTarget "exampleEventPage" */;
			buildPhases = (
				042FB37E1EC134C3006C643D /* Sources */,
				042FB37F1EC134C3006C643D /* Frameworks */,
				042FB3801EC134C3006C643D /* Resources */,
			);
			buildRules = (
			);
			dependencies = (
			);
			name = exampleEventPage;
			productName = exampleEventPage;
			productReference = 042FB3821EC134C3006C643D /* exampleEventPage.app */;
			productType = "com.apple.product-type.application";
		};
		042FB3951EC134C3006C643D /* exampleEventPageTests */ = {
			isa = PBXNativeTarget;
			buildConfigurationList = 042FB3AD1EC134C3006C643D /* Build configuration list for PBXNativeTarget "exampleEventPageTests" */;
			buildPhases = (
				042FB3921EC134C3006C643D /* Sources */,
				042FB3931EC134C3006C643D /* Frameworks */,
				042FB3941EC134C3006C643D /* Resources */,
			);
			buildRules = (
			);
			dependencies = (
				042FB3981EC134C3006C643D /* PBXTargetDependency */,
			);
			name = exampleEventPageTests;
			productName = exampleEventPageTests;
			productReference = 042FB3961EC134C3006C643D /* exampleEventPageTests.xctest */;
			productType = "com.apple.product-type.bundle.unit-test";
		};
		042FB3A01EC134C3006C643D /* exampleEventPageUITests */ = {
			isa = PBXNativeTarget;
			buildConfigurationList = 042FB3B01EC134C3006C643D /* Build configuration list for PBXNativeTarget "exampleEventPageUITests" */;
			buildPhases = (
				042FB39D1EC134C3006C643D /* Sources */,
				042FB39E1EC134C3006C643D /* Frameworks */,
				042FB39F1EC134C3006C643D /* Resources */,
			);
			buildRules = (
			);
			dependencies = (
				042FB3A31EC134C3006C643D /* PBXTargetDependency */,
			);
			name = exampleEventPageUITests;
			productName = exampleEventPageUITests;
			productReference = 042FB3A11EC134C3006C643D /* exampleEventPageUITests.xctest */;
			productType = "com.apple.product-type.bundle.ui-testing";
		};
/* End PBXNativeTarget section */

/* Begin PBXProject section */
		042FB37A1EC134C3006C643D /* Project object */ = {
			isa = PBXProject;
			attributes = {
				LastSwiftUpdateCheck = 0830;
				LastUpgradeCheck = 0830;
				ORGANIZATIONNAME = "Amber Spadafora";
				TargetAttributes = {
					042FB3811EC134C3006C643D = {
						CreatedOnToolsVersion = 8.3.2;
						ProvisioningStyle = Automatic;
					};
					042FB3951EC134C3006C643D = {
						CreatedOnToolsVersion = 8.3.2;
						ProvisioningStyle = Automatic;
						TestTargetID = 042FB3811EC134C3006C643D;
					};
					042FB3A01EC134C3006C643D = {
						CreatedOnToolsVersion = 8.3.2;
						ProvisioningStyle = Automatic;
						TestTargetID = 042FB3811EC134C3006C643D;
					};
				};
			};
			buildConfigurationList = 042FB37D1EC134C3006C643D /* Build configuration list for PBXProject "exampleEventPage" */;
			compatibilityVersion = "Xcode 3.2";
			developmentRegion = English;
			hasScannedForEncodings = 0;
			knownRegions = (
				en,
				Base,
			);
			mainGroup = 042FB3791EC134C3006C643D;
			productRefGroup = 042FB3831EC134C3006C643D /* Products */;
			projectDirPath = "";
			projectRoot = "";
			targets = (
				042FB3811EC134C3006C643D /* exampleEventPage */,
				042FB3951EC134C3006C643D /* exampleEventPageTests */,
				042FB3A01EC134C3006C643D /* exampleEventPageUITests */,
			);
		};
/* End PBXProject section */

/* Begin PBXResourcesBuildPhase section */
		042FB3801EC134C3006C643D /* Resources */ = {
			isa = PBXResourcesBuildPhase;
			buildActionMask = 2147483647;
			files = (
				042FB3B41EC134D1006C643D /* EventsStoryboard.storyboard in Resources */,
				042FB3901EC134C3006C643D /* LaunchScreen.storyboard in Resources */,
				042FB38D1EC134C3006C643D /* Assets.xcassets in Resources */,
				042FB38B1EC134C3006C643D /* Main.storyboard in Resources */,
			);
			runOnlyForDeploymentPostprocessing = 0;
		};
		042FB3941EC134C3006C643D /* Resources */ = {
			isa = PBXResourcesBuildPhase;
			buildActionMask = 2147483647;
			files = (
			);
			runOnlyForDeploymentPostprocessing = 0;
		};
		042FB39F1EC134C3006C643D /* Resources */ = {
			isa = PBXResourcesBuildPhase;
			buildActionMask = 2147483647;
			files = (
			);
			runOnlyForDeploymentPostprocessing = 0;
		};
/* End PBXResourcesBuildPhase section */

/* Begin PBXSourcesBuildPhase section */
		042FB37E1EC134C3006C643D /* Sources */ = {
			isa = PBXSourcesBuildPhase;
			buildActionMask = 2147483647;
			files = (
				042FB3881EC134C3006C643D /* ViewController.swift in Sources */,
				042FB3861EC134C3006C643D /* AppDelegate.swift in Sources */,
			);
			runOnlyForDeploymentPostprocessing = 0;
		};
		042FB3921EC134C3006C643D /* Sources */ = {
			isa = PBXSourcesBuildPhase;
			buildActionMask = 2147483647;
			files = (
				042FB39B1EC134C3006C643D /* exampleEventPageTests.swift in Sources */,
			);
			runOnlyForDeploymentPostprocessing = 0;
		};
		042FB39D1EC134C3006C643D /* Sources */ = {
			isa = PBXSourcesBuildPhase;
			buildActionMask = 2147483647;
			files = (
				042FB3A61EC134C3006C643D /* exampleEventPageUITests.swift in Sources */,
			);
			runOnlyForDeploymentPostprocessing = 0;
		};
/* End PBXSourcesBuildPhase section */

/* Begin PBXTargetDependency section */
		042FB3981EC134C3006C643D /* PBXTargetDependency */ = {
			isa = PBXTargetDependency;
			target = 042FB3811EC134C3006C643D /* exampleEventPage */;
			targetProxy = 042FB3971EC134C3006C643D /* PBXContainerItemProxy */;
		};
		042FB3A31EC134C3006C643D /* PBXTargetDependency */ = {
			isa = PBXTargetDependency;
			target = 042FB3811EC134C3006C643D /* exampleEventPage */;
			targetProxy = 042FB3A21EC134C3006C643D /* PBXContainerItemProxy */;
		};
/* End PBXTargetDependency section */

/* Begin PBXVariantGroup section */
		042FB3891EC134C3006C643D /* Main.storyboard */ = {
			isa = PBXVariantGroup;
			children = (
				042FB38A1EC134C3006C643D /* Base */,
			);
			name = Main.storyboard;
			sourceTree = "<group>";
		};
		042FB38E1EC134C3006C643D /* LaunchScreen.storyboard */ = {
			isa = PBXVariantGroup;
			children = (
				042FB38F1EC134C3006C643D /* Base */,
			);
			name = LaunchScreen.storyboard;
			sourceTree = "<group>";
		};
/* End PBXVariantGroup section */

/* Begin XCBuildConfiguration section */
		042FB3A81EC134C3006C643D /* Debug */ = {
			isa = XCBuildConfiguration;
			buildSettings = {
				ALWAYS_SEARCH_USER_PATHS = NO;
				CLANG_ANALYZER_NONNULL = YES;
				CLANG_ANALYZER_NUMBER_OBJECT_CONVERSION = YES_AGGRESSIVE;
				CLANG_CXX_LANGUAGE_STANDARD = "gnu++0x";
				CLANG_CXX_LIBRARY = "libc++";
				CLANG_ENABLE_MODULES = YES;
				CLANG_ENABLE_OBJC_ARC = YES;
				CLANG_WARN_BOOL_CONVERSION = YES;
				CLANG_WARN_CONSTANT_CONVERSION = YES;
				CLANG_WARN_DIRECT_OBJC_ISA_USAGE = YES_ERROR;
				CLANG_WARN_DOCUMENTATION_COMMENTS = YES;
				CLANG_WARN_EMPTY_BODY = YES;
				CLANG_WARN_ENUM_CONVERSION = YES;
				CLANG_WARN_INFINITE_RECURSION = YES;
				CLANG_WARN_INT_CONVERSION = YES;
				CLANG_WARN_OBJC_ROOT_CLASS = YES_ERROR;
				CLANG_WARN_SUSPICIOUS_MOVE = YES;
				CLANG_WARN_UNREACHABLE_CODE = YES;
				CLANG_WARN__DUPLICATE_METHOD_MATCH = YES;
				"CODE_SIGN_IDENTITY[sdk=iphoneos*]" = "iPhone Developer";
				COPY_PHASE_STRIP = NO;
				DEBUG_INFORMATION_FORMAT = dwarf;
				ENABLE_STRICT_OBJC_MSGSEND = YES;
				ENABLE_TESTABILITY = YES;
				GCC_C_LANGUAGE_STANDARD = gnu99;
				GCC_DYNAMIC_NO_PIC = NO;
				GCC_NO_COMMON_BLOCKS = YES;
				GCC_OPTIMIZATION_LEVEL = 0;
				GCC_PREPROCESSOR_DEFINITIONS = (
					"DEBUG=1",
					"$(inherited)",
				);
				GCC_WARN_64_TO_32_BIT_CONVERSION = YES;
				GCC_WARN_ABOUT_RETURN_TYPE = YES_ERROR;
				GCC_WARN_UNDECLARED_SELECTOR = YES;
				GCC_WARN_UNINITIALIZED_AUTOS = YES_AGGRESSIVE;
				GCC_WARN_UNUSED_FUNCTION = YES;
				GCC_WARN_UNUSED_VARIABLE = YES;
				IPHONEOS_DEPLOYMENT_TARGET = 10.3;
				MTL_ENABLE_DEBUG_INFO = YES;
				ONLY_ACTIVE_ARCH = YES;
				SDKROOT = iphoneos;
				SWIFT_ACTIVE_COMPILATION_CONDITIONS = DEBUG;
				SWIFT_OPTIMIZATION_LEVEL = "-Onone";
			};
			name = Debug;
		};
		042FB3A91EC134C3006C643D /* Release */ = {
			isa = XCBuildConfiguration;
			buildSettings = {
				ALWAYS_SEARCH_USER_PATHS = NO;
				CLANG_ANALYZER_NONNULL = YES;
				CLANG_ANALYZER_NUMBER_OBJECT_CONVERSION = YES_AGGRESSIVE;
				CLANG_CXX_LANGUAGE_STANDARD = "gnu++0x";
				CLANG_CXX_LIBRARY = "libc++";
				CLANG_ENABLE_MODULES = YES;
				CLANG_ENABLE_OBJC_ARC = YES;
				CLANG_WARN_BOOL_CONVERSION = YES;
				CLANG_WARN_CONSTANT_CONVERSION = YES;
				CLANG_WARN_DIRECT_OBJC_ISA_USAGE = YES_ERROR;
				CLANG_WARN_DOCUMENTATION_COMMENTS = YES;
				CLANG_WARN_EMPTY_BODY = YES;
				CLANG_WARN_ENUM_CONVERSION = YES;
				CLANG_WARN_INFINITE_RECURSION = YES;
				CLANG_WARN_INT_CONVERSION = YES;
				CLANG_WARN_OBJC_ROOT_CLASS = YES_ERROR;
				CLANG_WARN_SUSPICIOUS_MOVE = YES;
				CLANG_WARN_UNREACHABLE_CODE = YES;
				CLANG_WARN__DUPLICATE_METHOD_MATCH = YES;
				"CODE_SIGN_IDENTITY[sdk=iphoneos*]" = "iPhone Developer";
				COPY_PHASE_STRIP = NO;
				DEBUG_INFORMATION_FORMAT = "dwarf-with-dsym";
				ENABLE_NS_ASSERTIONS = NO;
				ENABLE_STRICT_OBJC_MSGSEND = YES;
				GCC_C_LANGUAGE_STANDARD = gnu99;
				GCC_NO_COMMON_BLOCKS = YES;
				GCC_WARN_64_TO_32_BIT_CONVERSION = YES;
				GCC_WARN_ABOUT_RETURN_TYPE = YES_ERROR;
				GCC_WARN_UNDECLARED_SELECTOR = YES;
				GCC_WARN_UNINITIALIZED_AUTOS = YES_AGGRESSIVE;
				GCC_WARN_UNUSED_FUNCTION = YES;
				GCC_WARN_UNUSED_VARIABLE = YES;
				IPHONEOS_DEPLOYMENT_TARGET = 10.3;
				MTL_ENABLE_DEBUG_INFO = NO;
				SDKROOT = iphoneos;
				SWIFT_OPTIMIZATION_LEVEL = "-Owholemodule";
				VALIDATE_PRODUCT = YES;
			};
			name = Release;
		};
		042FB3AB1EC134C3006C643D /* Debug */ = {
			isa = XCBuildConfiguration;
			buildSettings = {
				ASSETCATALOG_COMPILER_APPICON_NAME = AppIcon;
				INFOPLIST_FILE = exampleEventPage/Info.plist;
				LD_RUNPATH_SEARCH_PATHS = "$(inherited) @executable_path/Frameworks";
				PRODUCT_BUNDLE_IDENTIFIER = ahspadafora.exampleEventPage;
				PRODUCT_NAME = "$(TARGET_NAME)";
				SWIFT_VERSION = 3.0;
			};
			name = Debug;
		};
		042FB3AC1EC134C3006C643D /* Release */ = {
			isa = XCBuildConfiguration;
			buildSettings = {
				ASSETCATALOG_COMPILER_APPICON_NAME = AppIcon;
				INFOPLIST_FILE = exampleEventPage/Info.plist;
				LD_RUNPATH_SEARCH_PATHS = "$(inherited) @executable_path/Frameworks";
				PRODUCT_BUNDLE_IDENTIFIER = ahspadafora.exampleEventPage;
				PRODUCT_NAME = "$(TARGET_NAME)";
				SWIFT_VERSION = 3.0;
			};
			name = Release;
		};
		042FB3AE1EC134C3006C643D /* Debug */ = {
			isa = XCBuildConfiguration;
			buildSettings = {
				ALWAYS_EMBED_SWIFT_STANDARD_LIBRARIES = YES;
				BUNDLE_LOADER = "$(TEST_HOST)";
				INFOPLIST_FILE = exampleEventPageTests/Info.plist;
				LD_RUNPATH_SEARCH_PATHS = "$(inherited) @executable_path/Frameworks @loader_path/Frameworks";
				PRODUCT_BUNDLE_IDENTIFIER = ahspadafora.exampleEventPageTests;
				PRODUCT_NAME = "$(TARGET_NAME)";
				SWIFT_VERSION = 3.0;
				TEST_HOST = "$(BUILT_PRODUCTS_DIR)/exampleEventPage.app/exampleEventPage";
			};
			name = Debug;
		};
		042FB3AF1EC134C3006C643D /* Release */ = {
			isa = XCBuildConfiguration;
			buildSettings = {
				ALWAYS_EMBED_SWIFT_STANDARD_LIBRARIES = YES;
				BUNDLE_LOADER = "$(TEST_HOST)";
				INFOPLIST_FILE = exampleEventPageTests/Info.plist;
				LD_RUNPATH_SEARCH_PATHS = "$(inherited) @executable_path/Frameworks @loader_path/Frameworks";
				PRODUCT_BUNDLE_IDENTIFIER = ahspadafora.exampleEventPageTests;
				PRODUCT_NAME = "$(TARGET_NAME)";
				SWIFT_VERSION = 3.0;
				TEST_HOST = "$(BUILT_PRODUCTS_DIR)/exampleEventPage.app/exampleEventPage";
			};
			name = Release;
		};
		042FB3B11EC134C3006C643D /* Debug */ = {
			isa = XCBuildConfiguration;
			buildSettings = {
				ALWAYS_EMBED_SWIFT_STANDARD_LIBRARIES = YES;
				INFOPLIST_FILE = exampleEventPageUITests/Info.plist;
				LD_RUNPATH_SEARCH_PATHS = "$(inherited) @executable_path/Frameworks @loader_path/Frameworks";
				PRODUCT_BUNDLE_IDENTIFIER = ahspadafora.exampleEventPageUITests;
				PRODUCT_NAME = "$(TARGET_NAME)";
				SWIFT_VERSION = 3.0;
				TEST_TARGET_NAME = exampleEventPage;
			};
			name = Debug;
		};
		042FB3B21EC134C3006C643D /* Release */ = {
			isa = XCBuildConfiguration;
			buildSettings = {
				ALWAYS_EMBED_SWIFT_STANDARD_LIBRARIES = YES;
				INFOPLIST_FILE = exampleEventPageUITests/Info.plist;
				LD_RUNPATH_SEARCH_PATHS = "$(inherited) @executable_path/Frameworks @loader_path/Frameworks";
				PRODUCT_BUNDLE_IDENTIFIER = ahspadafora.exampleEventPageUITests;
				PRODUCT_NAME = "$(TARGET_NAME)";
				SWIFT_VERSION = 3.0;
				TEST_TARGET_NAME = exampleEventPage;
			};
			name = Release;
		};
/* End XCBuildConfiguration section */

/* Begin XCConfigurationList section */
		042FB37D1EC134C3006C643D /* Build configuration list for PBXProject "exampleEventPage" */ = {
			isa = XCConfigurationList;
			buildConfigurations = (
				042FB3A81EC134C3006C643D /* Debug */,
				042FB3A91EC134C3006C643D /* Release */,
			);
			defaultConfigurationIsVisible = 0;
			defaultConfigurationName = Release;
		};
		042FB3AA1EC134C3006C643D /* Build configuration list for PBXNativeTarget "exampleEventPage" */ = {
			isa = XCConfigurationList;
			buildConfigurations = (
				042FB3AB1EC134C3006C643D /* Debug */,
				042FB3AC1EC134C3006C643D /* Release */,
			);
			defaultConfigurationIsVisible = 0;
		};
		042FB3AD1EC134C3006C643D /* Build configuration list for PBXNativeTarget "exampleEventPageTests" */ = {
			isa = XCConfigurationList;
			buildConfigurations = (
				042FB3AE1EC134C3006C643D /* Debug */,
				042FB3AF1EC134C3006C643D /* Release */,
			);
			defaultConfigurationIsVisible = 0;
		};
		042FB3B01EC134C3006C643D /* Build configuration list for PBXNativeTarget "exampleEventPageUITests" */ = {
			isa = XCConfigurationList;
			buildConfigurations = (
				042FB3B11EC134C3006C643D /* Debug */,
				042FB3B21EC134C3006C643D /* Release */,
			);
			defaultConfigurationIsVisible = 0;
		};
/* End XCConfigurationList section */
	};
	rootObject = 042FB37A1EC134C3006C643D /* Project object */;
}
