// !$*UTF8*$!
{
	archiveVersion = 1;
	classes = {
	};
	objectVersion = 46;
	objects = {

/* Begin PBXBuildFile section */
		0406B9B81EC47D7C00D1E096 /* LogInViewController.swift in Sources */ = {isa = PBXBuildFile; fileRef = 0406B9B71EC47D7C00D1E096 /* LogInViewController.swift */; };
		0406B9BA1EC47ED000D1E096 /* GoogleService-Info.plist in Resources */ = {isa = PBXBuildFile; fileRef = 0406B9B91EC47ED000D1E096 /* GoogleService-Info.plist */; };
		044CB2AA1EBA86E900FD55BD /* SecondViewController.swift in Sources */ = {isa = PBXBuildFile; fileRef = 044CB2A91EBA86E900FD55BD /* SecondViewController.swift */; };
		044CB2AC1EBA883200FD55BD /* ThirdViewController.swift in Sources */ = {isa = PBXBuildFile; fileRef = 044CB2AB1EBA883200FD55BD /* ThirdViewController.swift */; };
		044CB2AE1EBA88EF00FD55BD /* FourthViewController.swift in Sources */ = {isa = PBXBuildFile; fileRef = 044CB2AD1EBA88EF00FD55BD /* FourthViewController.swift */; };
		044CB2B01EBA967900FD55BD /* SettingsNavigationViewController.swift in Sources */ = {isa = PBXBuildFile; fileRef = 044CB2AF1EBA967900FD55BD /* SettingsNavigationViewController.swift */; };
		044CB2B21EBA99E200FD55BD /* RulesViewController.swift in Sources */ = {isa = PBXBuildFile; fileRef = 044CB2B11EBA99E200FD55BD /* RulesViewController.swift */; };
		044CB2B41EBA9D8600FD55BD /* UIColor+extensions.swift in Sources */ = {isa = PBXBuildFile; fileRef = 044CB2B31EBA9D8600FD55BD /* UIColor+extensions.swift */; };
		04685A881EB7CFA400528F7A /* AppDelegate.swift in Sources */ = {isa = PBXBuildFile; fileRef = 04685A871EB7CFA400528F7A /* AppDelegate.swift */; };
		04685A8F1EB7CFA400528F7A /* Assets.xcassets in Resources */ = {isa = PBXBuildFile; fileRef = 04685A8E1EB7CFA400528F7A /* Assets.xcassets */; };
		04685A921EB7CFA400528F7A /* LaunchScreen.storyboard in Resources */ = {isa = PBXBuildFile; fileRef = 04685A901EB7CFA400528F7A /* LaunchScreen.storyboard */; };
		04685A9D1EB7CFA700528F7A /* WavePlayTests.swift in Sources */ = {isa = PBXBuildFile; fileRef = 04685A9C1EB7CFA700528F7A /* WavePlayTests.swift */; };
		04685AA81EB7CFA800528F7A /* WavePlayUITests.swift in Sources */ = {isa = PBXBuildFile; fileRef = 04685AA71EB7CFA800528F7A /* WavePlayUITests.swift */; };
		04685AB61EB7D0BA00528F7A /* FirstViewController.swift in Sources */ = {isa = PBXBuildFile; fileRef = 04685AB51EB7D0BA00528F7A /* FirstViewController.swift */; };
		04685AB81EB7DFC100528F7A /* TabBarController.swift in Sources */ = {isa = PBXBuildFile; fileRef = 04685AB71EB7DFC100528F7A /* TabBarController.swift */; };
		04FD5D211EBD195300D7FFB7 /* AboutWavesViewController.swift in Sources */ = {isa = PBXBuildFile; fileRef = 04FD5D201EBD195300D7FFB7 /* AboutWavesViewController.swift */; };
		04FD5D251EBFF82F00D7FFB7 /* WaveTableViewCell.swift in Sources */ = {isa = PBXBuildFile; fileRef = 04FD5D241EBFF82F00D7FFB7 /* WaveTableViewCell.swift */; };
/* End PBXBuildFile section */

/* Begin PBXContainerItemProxy section */
		04685A991EB7CFA700528F7A /* PBXContainerItemProxy */ = {
			isa = PBXContainerItemProxy;
			containerPortal = 04685A7C1EB7CFA300528F7A /* Project object */;
			proxyType = 1;
			remoteGlobalIDString = 04685A831EB7CFA300528F7A;
			remoteInfo = WavePlay;
		};
		04685AA41EB7CFA800528F7A /* PBXContainerItemProxy */ = {
			isa = PBXContainerItemProxy;
			containerPortal = 04685A7C1EB7CFA300528F7A /* Project object */;
			proxyType = 1;
			remoteGlobalIDString = 04685A831EB7CFA300528F7A;
			remoteInfo = WavePlay;
		};
/* End PBXContainerItemProxy section */

/* Begin PBXFileReference section */
		0406B9B71EC47D7C00D1E096 /* LogInViewController.swift */ = {isa = PBXFileReference; fileEncoding = 4; lastKnownFileType = sourcecode.swift; path = LogInViewController.swift; sourceTree = "<group>"; };
		0406B9B91EC47ED000D1E096 /* GoogleService-Info.plist */ = {isa = PBXFileReference; fileEncoding = 4; lastKnownFileType = text.plist.xml; path = "GoogleService-Info.plist"; sourceTree = "<group>"; };
		044CB2A91EBA86E900FD55BD /* SecondViewController.swift */ = {isa = PBXFileReference; fileEncoding = 4; lastKnownFileType = sourcecode.swift; path = SecondViewController.swift; sourceTree = "<group>"; };
		044CB2AB1EBA883200FD55BD /* ThirdViewController.swift */ = {isa = PBXFileReference; fileEncoding = 4; lastKnownFileType = sourcecode.swift; path = ThirdViewController.swift; sourceTree = "<group>"; };
		044CB2AD1EBA88EF00FD55BD /* FourthViewController.swift */ = {isa = PBXFileReference; fileEncoding = 4; lastKnownFileType = sourcecode.swift; path = FourthViewController.swift; sourceTree = "<group>"; };
		044CB2AF1EBA967900FD55BD /* SettingsNavigationViewController.swift */ = {isa = PBXFileReference; fileEncoding = 4; lastKnownFileType = sourcecode.swift; path = SettingsNavigationViewController.swift; sourceTree = "<group>"; };
		044CB2B11EBA99E200FD55BD /* RulesViewController.swift */ = {isa = PBXFileReference; fileEncoding = 4; lastKnownFileType = sourcecode.swift; path = RulesViewController.swift; sourceTree = "<group>"; };
		044CB2B31EBA9D8600FD55BD /* UIColor+extensions.swift */ = {isa = PBXFileReference; fileEncoding = 4; lastKnownFileType = sourcecode.swift; path = "UIColor+extensions.swift"; sourceTree = "<group>"; };
		04685A841EB7CFA300528F7A /* WavePlay.app */ = {isa = PBXFileReference; explicitFileType = wrapper.application; includeInIndex = 0; path = WavePlay.app; sourceTree = BUILT_PRODUCTS_DIR; };
		04685A871EB7CFA400528F7A /* AppDelegate.swift */ = {isa = PBXFileReference; lastKnownFileType = sourcecode.swift; path = AppDelegate.swift; sourceTree = "<group>"; };
		04685A8E1EB7CFA400528F7A /* Assets.xcassets */ = {isa = PBXFileReference; lastKnownFileType = folder.assetcatalog; path = Assets.xcassets; sourceTree = "<group>"; };
		04685A911EB7CFA400528F7A /* Base */ = {isa = PBXFileReference; lastKnownFileType = file.storyboard; name = Base; path = Base.lproj/LaunchScreen.storyboard; sourceTree = "<group>"; };
		04685A931EB7CFA400528F7A /* Info.plist */ = {isa = PBXFileReference; lastKnownFileType = text.plist.xml; path = Info.plist; sourceTree = "<group>"; };
		04685A981EB7CFA700528F7A /* WavePlayTests.xctest */ = {isa = PBXFileReference; explicitFileType = wrapper.cfbundle; includeInIndex = 0; path = WavePlayTests.xctest; sourceTree = BUILT_PRODUCTS_DIR; };
		04685A9C1EB7CFA700528F7A /* WavePlayTests.swift */ = {isa = PBXFileReference; lastKnownFileType = sourcecode.swift; path = WavePlayTests.swift; sourceTree = "<group>"; };
		04685A9E1EB7CFA800528F7A /* Info.plist */ = {isa = PBXFileReference; lastKnownFileType = text.plist.xml; path = Info.plist; sourceTree = "<group>"; };
		04685AA31EB7CFA800528F7A /* WavePlayUITests.xctest */ = {isa = PBXFileReference; explicitFileType = wrapper.cfbundle; includeInIndex = 0; path = WavePlayUITests.xctest; sourceTree = BUILT_PRODUCTS_DIR; };
		04685AA71EB7CFA800528F7A /* WavePlayUITests.swift */ = {isa = PBXFileReference; lastKnownFileType = sourcecode.swift; path = WavePlayUITests.swift; sourceTree = "<group>"; };
		04685AA91EB7CFA800528F7A /* Info.plist */ = {isa = PBXFileReference; lastKnownFileType = text.plist.xml; path = Info.plist; sourceTree = "<group>"; };
		04685AB51EB7D0BA00528F7A /* FirstViewController.swift */ = {isa = PBXFileReference; fileEncoding = 4; lastKnownFileType = sourcecode.swift; name = FirstViewController.swift; path = ../FirstViewController.swift; sourceTree = "<group>"; };
		04685AB71EB7DFC100528F7A /* TabBarController.swift */ = {isa = PBXFileReference; fileEncoding = 4; lastKnownFileType = sourcecode.swift; path = TabBarController.swift; sourceTree = "<group>"; };
		04FD5D201EBD195300D7FFB7 /* AboutWavesViewController.swift */ = {isa = PBXFileReference; fileEncoding = 4; lastKnownFileType = sourcecode.swift; path = AboutWavesViewController.swift; sourceTree = "<group>"; };
		04FD5D241EBFF82F00D7FFB7 /* WaveTableViewCell.swift */ = {isa = PBXFileReference; fileEncoding = 4; lastKnownFileType = sourcecode.swift; name = WaveTableViewCell.swift; path = ../WaveTableViewCell.swift; sourceTree = "<group>"; };
/* End PBXFileReference section */

/* Begin PBXFrameworksBuildPhase section */
		04685A811EB7CFA300528F7A /* Frameworks */ = {
			isa = PBXFrameworksBuildPhase;
			buildActionMask = 2147483647;
			files = (
			);
			runOnlyForDeploymentPostprocessing = 0;
		};
		04685A951EB7CFA700528F7A /* Frameworks */ = {
			isa = PBXFrameworksBuildPhase;
			buildActionMask = 2147483647;
			files = (
			);
			runOnlyForDeploymentPostprocessing = 0;
		};
		04685AA01EB7CFA800528F7A /* Frameworks */ = {
			isa = PBXFrameworksBuildPhase;
			buildActionMask = 2147483647;
			files = (
			);
			runOnlyForDeploymentPostprocessing = 0;
		};
/* End PBXFrameworksBuildPhase section */

/* Begin PBXGroup section */
		044CB2B51EBA9EC400FD55BD /* extensions */ = {
			isa = PBXGroup;
			children = (
				044CB2B31EBA9D8600FD55BD /* UIColor+extensions.swift */,
			);
			name = extensions;
			sourceTree = "<group>";
		};
		04685A7B1EB7CFA300528F7A = {
			isa = PBXGroup;
			children = (
				04685A861EB7CFA300528F7A /* WavePlay */,
				04685A9B1EB7CFA700528F7A /* WavePlayTests */,
				04685AA61EB7CFA800528F7A /* WavePlayUITests */,
			);
			sourceTree = "<group>";
		};
		04685A851EB7CFA300528F7A /* Products */ = {
			isa = PBXGroup;
			children = (
				04685A841EB7CFA300528F7A /* WavePlay.app */,
				04685A981EB7CFA700528F7A /* WavePlayTests.xctest */,
				04685AA31EB7CFA800528F7A /* WavePlayUITests.xctest */,
			);
			name = Products;
			path = ..;
			sourceTree = "<group>";
		};
		04685A861EB7CFA300528F7A /* WavePlay */ = {
			isa = PBXGroup;
			children = (
				0406B9B91EC47ED000D1E096 /* GoogleService-Info.plist */,
				04FD5D241EBFF82F00D7FFB7 /* WaveTableViewCell.swift */,
				04685AB71EB7DFC100528F7A /* TabBarController.swift */,
				044CB2AF1EBA967900FD55BD /* SettingsNavigationViewController.swift */,
				044CB2AD1EBA88EF00FD55BD /* FourthViewController.swift */,
				04FD5D201EBD195300D7FFB7 /* AboutWavesViewController.swift */,
				044CB2B11EBA99E200FD55BD /* RulesViewController.swift */,
				044CB2B51EBA9EC400FD55BD /* extensions */,
				044CB2AB1EBA883200FD55BD /* ThirdViewController.swift */,
				044CB2A91EBA86E900FD55BD /* SecondViewController.swift */,
				04685AB51EB7D0BA00528F7A /* FirstViewController.swift */,
				0406B9B71EC47D7C00D1E096 /* LogInViewController.swift */,
				04685A871EB7CFA400528F7A /* AppDelegate.swift */,
				04685A8E1EB7CFA400528F7A /* Assets.xcassets */,
				04685A901EB7CFA400528F7A /* LaunchScreen.storyboard */,
				04685A931EB7CFA400528F7A /* Info.plist */,
			);
			path = WavePlay;
			sourceTree = "<group>";
		};
		04685A9B1EB7CFA700528F7A /* WavePlayTests */ = {
			isa = PBXGroup;
			children = (
				04685A851EB7CFA300528F7A /* Products */,
				04685A9C1EB7CFA700528F7A /* WavePlayTests.swift */,
				04685A9E1EB7CFA800528F7A /* Info.plist */,
			);
			path = WavePlayTests;
			sourceTree = "<group>";
		};
		04685AA61EB7CFA800528F7A /* WavePlayUITests */ = {
			isa = PBXGroup;
			children = (
				04685AA71EB7CFA800528F7A /* WavePlayUITests.swift */,
				04685AA91EB7CFA800528F7A /* Info.plist */,
			);
			path = WavePlayUITests;
			sourceTree = "<group>";
		};
/* End PBXGroup section */

/* Begin PBXNativeTarget section */
		04685A831EB7CFA300528F7A /* WavePlay */ = {
			isa = PBXNativeTarget;
			buildConfigurationList = 04685AAC1EB7CFA800528F7A /* Build configuration list for PBXNativeTarget "WavePlay" */;
			buildPhases = (
				04685A801EB7CFA300528F7A /* Sources */,
				04685A811EB7CFA300528F7A /* Frameworks */,
				04685A821EB7CFA300528F7A /* Resources */,
			);
			buildRules = (
			);
			dependencies = (
			);
			name = WavePlay;
			productName = WavePlay;
			productReference = 04685A841EB7CFA300528F7A /* WavePlay.app */;
			productType = "com.apple.product-type.application";
		};
		04685A971EB7CFA700528F7A /* WavePlayTests */ = {
			isa = PBXNativeTarget;
			buildConfigurationList = 04685AAF1EB7CFA800528F7A /* Build configuration list for PBXNativeTarget "WavePlayTests" */;
			buildPhases = (
				04685A941EB7CFA700528F7A /* Sources */,
				04685A951EB7CFA700528F7A /* Frameworks */,
				04685A961EB7CFA700528F7A /* Resources */,
			);
			buildRules = (
			);
			dependencies = (
				04685A9A1EB7CFA700528F7A /* PBXTargetDependency */,
			);
			name = WavePlayTests;
			productName = WavePlayTests;
			productReference = 04685A981EB7CFA700528F7A /* WavePlayTests.xctest */;
			productType = "com.apple.product-type.bundle.unit-test";
		};
		04685AA21EB7CFA800528F7A /* WavePlayUITests */ = {
			isa = PBXNativeTarget;
			buildConfigurationList = 04685AB21EB7CFA800528F7A /* Build configuration list for PBXNativeTarget "WavePlayUITests" */;
			buildPhases = (
				04685A9F1EB7CFA800528F7A /* Sources */,
				04685AA01EB7CFA800528F7A /* Frameworks */,
				04685AA11EB7CFA800528F7A /* Resources */,
			);
			buildRules = (
			);
			dependencies = (
				04685AA51EB7CFA800528F7A /* PBXTargetDependency */,
			);
			name = WavePlayUITests;
			productName = WavePlayUITests;
			productReference = 04685AA31EB7CFA800528F7A /* WavePlayUITests.xctest */;
			productType = "com.apple.product-type.bundle.ui-testing";
		};
/* End PBXNativeTarget section */

/* Begin PBXProject section */
		04685A7C1EB7CFA300528F7A /* Project object */ = {
			isa = PBXProject;
			attributes = {
				LastSwiftUpdateCheck = 0830;
				LastUpgradeCheck = 0830;
				ORGANIZATIONNAME = "Amber Spadafora";
				TargetAttributes = {
					04685A831EB7CFA300528F7A = {
						CreatedOnToolsVersion = 8.3.2;
						DevelopmentTeam = V38M9976HU;
						LastSwiftMigration = 0830;
						ProvisioningStyle = Automatic;
					};
					04685A971EB7CFA700528F7A = {
						CreatedOnToolsVersion = 8.3.2;
						LastSwiftMigration = 0830;
						ProvisioningStyle = Automatic;
						TestTargetID = 04685A831EB7CFA300528F7A;
					};
					04685AA21EB7CFA800528F7A = {
						CreatedOnToolsVersion = 8.3.2;
						LastSwiftMigration = 0830;
						ProvisioningStyle = Automatic;
						TestTargetID = 04685A831EB7CFA300528F7A;
					};
				};
			};
			buildConfigurationList = 04685A7F1EB7CFA300528F7A /* Build configuration list for PBXProject "WavePlay" */;
			compatibilityVersion = "Xcode 3.2";
			developmentRegion = English;
			hasScannedForEncodings = 0;
			knownRegions = (
				en,
				Base,
			);
			mainGroup = 04685A7B1EB7CFA300528F7A;
			productRefGroup = 04685A851EB7CFA300528F7A /* Products */;
			projectDirPath = "";
			projectRoot = "";
			targets = (
				04685A831EB7CFA300528F7A /* WavePlay */,
				04685A971EB7CFA700528F7A /* WavePlayTests */,
				04685AA21EB7CFA800528F7A /* WavePlayUITests */,
			);
		};
/* End PBXProject section */

/* Begin PBXResourcesBuildPhase section */
		04685A821EB7CFA300528F7A /* Resources */ = {
			isa = PBXResourcesBuildPhase;
			buildActionMask = 2147483647;
			files = (
				04685A921EB7CFA400528F7A /* LaunchScreen.storyboard in Resources */,
				04685A8F1EB7CFA400528F7A /* Assets.xcassets in Resources */,
				0406B9BA1EC47ED000D1E096 /* GoogleService-Info.plist in Resources */,
			);
			runOnlyForDeploymentPostprocessing = 0;
		};
		04685A961EB7CFA700528F7A /* Resources */ = {
			isa = PBXResourcesBuildPhase;
			buildActionMask = 2147483647;
			files = (
			);
			runOnlyForDeploymentPostprocessing = 0;
		};
		04685AA11EB7CFA800528F7A /* Resources */ = {
			isa = PBXResourcesBuildPhase;
			buildActionMask = 2147483647;
			files = (
			);
			runOnlyForDeploymentPostprocessing = 0;
		};
/* End PBXResourcesBuildPhase section */

/* Begin PBXSourcesBuildPhase section */
		04685A801EB7CFA300528F7A /* Sources */ = {
			isa = PBXSourcesBuildPhase;
			buildActionMask = 2147483647;
			files = (
				04FD5D251EBFF82F00D7FFB7 /* WaveTableViewCell.swift in Sources */,
				044CB2AE1EBA88EF00FD55BD /* FourthViewController.swift in Sources */,
				044CB2AA1EBA86E900FD55BD /* SecondViewController.swift in Sources */,
				04685AB81EB7DFC100528F7A /* TabBarController.swift in Sources */,
				044CB2B01EBA967900FD55BD /* SettingsNavigationViewController.swift in Sources */,
				044CB2AC1EBA883200FD55BD /* ThirdViewController.swift in Sources */,
				044CB2B41EBA9D8600FD55BD /* UIColor+extensions.swift in Sources */,
				04685A881EB7CFA400528F7A /* AppDelegate.swift in Sources */,
				0406B9B81EC47D7C00D1E096 /* LogInViewController.swift in Sources */,
				044CB2B21EBA99E200FD55BD /* RulesViewController.swift in Sources */,
				04685AB61EB7D0BA00528F7A /* FirstViewController.swift in Sources */,
				04FD5D211EBD195300D7FFB7 /* AboutWavesViewController.swift in Sources */,
			);
			runOnlyForDeploymentPostprocessing = 0;
		};
		04685A941EB7CFA700528F7A /* Sources */ = {
			isa = PBXSourcesBuildPhase;
			buildActionMask = 2147483647;
			files = (
				04685A9D1EB7CFA700528F7A /* WavePlayTests.swift in Sources */,
			);
			runOnlyForDeploymentPostprocessing = 0;
		};
		04685A9F1EB7CFA800528F7A /* Sources */ = {
			isa = PBXSourcesBuildPhase;
			buildActionMask = 2147483647;
			files = (
				04685AA81EB7CFA800528F7A /* WavePlayUITests.swift in Sources */,
			);
			runOnlyForDeploymentPostprocessing = 0;
		};
/* End PBXSourcesBuildPhase section */

/* Begin PBXTargetDependency section */
		04685A9A1EB7CFA700528F7A /* PBXTargetDependency */ = {
			isa = PBXTargetDependency;
			target = 04685A831EB7CFA300528F7A /* WavePlay */;
			targetProxy = 04685A991EB7CFA700528F7A /* PBXContainerItemProxy */;
		};
		04685AA51EB7CFA800528F7A /* PBXTargetDependency */ = {
			isa = PBXTargetDependency;
			target = 04685A831EB7CFA300528F7A /* WavePlay */;
			targetProxy = 04685AA41EB7CFA800528F7A /* PBXContainerItemProxy */;
		};
/* End PBXTargetDependency section */

/* Begin PBXVariantGroup section */
		04685A901EB7CFA400528F7A /* LaunchScreen.storyboard */ = {
			isa = PBXVariantGroup;
			children = (
				04685A911EB7CFA400528F7A /* Base */,
			);
			name = LaunchScreen.storyboard;
			sourceTree = "<group>";
		};
/* End PBXVariantGroup section */

/* Begin XCBuildConfiguration section */
		04685AAA1EB7CFA800528F7A /* Debug */ = {
			isa = XCBuildConfiguration;
			buildSettings = {
				ALWAYS_SEARCH_USER_PATHS = NO;
				CLANG_ANALYZER_NONNULL = YES;
				CLANG_ANALYZER_NUMBER_OBJECT_CONVERSION = YES_AGGRESSIVE;
				CLANG_CXX_LANGUAGE_STANDARD = "gnu++0x";
				CLANG_CXX_LIBRARY = "libc++";
				CLANG_ENABLE_MODULES = YES;
				CLANG_ENABLE_OBJC_ARC = YES;
				CLANG_WARN_BOOL_CONVERSION = YES;
				CLANG_WARN_CONSTANT_CONVERSION = YES;
				CLANG_WARN_DIRECT_OBJC_ISA_USAGE = YES_ERROR;
				CLANG_WARN_DOCUMENTATION_COMMENTS = YES;
				CLANG_WARN_EMPTY_BODY = YES;
				CLANG_WARN_ENUM_CONVERSION = YES;
				CLANG_WARN_INFINITE_RECURSION = YES;
				CLANG_WARN_INT_CONVERSION = YES;
				CLANG_WARN_OBJC_ROOT_CLASS = YES_ERROR;
				CLANG_WARN_SUSPICIOUS_MOVE = YES;
				CLANG_WARN_UNREACHABLE_CODE = YES;
				CLANG_WARN__DUPLICATE_METHOD_MATCH = YES;
				"CODE_SIGN_IDENTITY[sdk=iphoneos*]" = "iPhone Developer";
				COPY_PHASE_STRIP = NO;
				DEBUG_INFORMATION_FORMAT = dwarf;
				ENABLE_STRICT_OBJC_MSGSEND = YES;
				ENABLE_TESTABILITY = YES;
				GCC_C_LANGUAGE_STANDARD = gnu99;
				GCC_DYNAMIC_NO_PIC = NO;
				GCC_NO_COMMON_BLOCKS = YES;
				GCC_OPTIMIZATION_LEVEL = 0;
				GCC_PREPROCESSOR_DEFINITIONS = (
					"DEBUG=1",
					"$(inherited)",
				);
				GCC_WARN_64_TO_32_BIT_CONVERSION = YES;
				GCC_WARN_ABOUT_RETURN_TYPE = YES_ERROR;
				GCC_WARN_UNDECLARED_SELECTOR = YES;
				GCC_WARN_UNINITIALIZED_AUTOS = YES_AGGRESSIVE;
				GCC_WARN_UNUSED_FUNCTION = YES;
				GCC_WARN_UNUSED_VARIABLE = YES;
				IPHONEOS_DEPLOYMENT_TARGET = 10.3;
				MTL_ENABLE_DEBUG_INFO = YES;
				ONLY_ACTIVE_ARCH = YES;
				SDKROOT = iphoneos;
				SWIFT_ACTIVE_COMPILATION_CONDITIONS = DEBUG;
				SWIFT_OPTIMIZATION_LEVEL = "-Onone";
			};
			name = Debug;
		};
		04685AAB1EB7CFA800528F7A /* Release */ = {
			isa = XCBuildConfiguration;
			buildSettings = {
				ALWAYS_SEARCH_USER_PATHS = NO;
				CLANG_ANALYZER_NONNULL = YES;
				CLANG_ANALYZER_NUMBER_OBJECT_CONVERSION = YES_AGGRESSIVE;
				CLANG_CXX_LANGUAGE_STANDARD = "gnu++0x";
				CLANG_CXX_LIBRARY = "libc++";
				CLANG_ENABLE_MODULES = YES;
				CLANG_ENABLE_OBJC_ARC = YES;
				CLANG_WARN_BOOL_CONVERSION = YES;
				CLANG_WARN_CONSTANT_CONVERSION = YES;
				CLANG_WARN_DIRECT_OBJC_ISA_USAGE = YES_ERROR;
				CLANG_WARN_DOCUMENTATION_COMMENTS = YES;
				CLANG_WARN_EMPTY_BODY = YES;
				CLANG_WARN_ENUM_CONVERSION = YES;
				CLANG_WARN_INFINITE_RECURSION = YES;
				CLANG_WARN_INT_CONVERSION = YES;
				CLANG_WARN_OBJC_ROOT_CLASS = YES_ERROR;
				CLANG_WARN_SUSPICIOUS_MOVE = YES;
				CLANG_WARN_UNREACHABLE_CODE = YES;
				CLANG_WARN__DUPLICATE_METHOD_MATCH = YES;
				"CODE_SIGN_IDENTITY[sdk=iphoneos*]" = "iPhone Developer";
				COPY_PHASE_STRIP = NO;
				DEBUG_INFORMATION_FORMAT = "dwarf-with-dsym";
				ENABLE_NS_ASSERTIONS = NO;
				ENABLE_STRICT_OBJC_MSGSEND = YES;
				GCC_C_LANGUAGE_STANDARD = gnu99;
				GCC_NO_COMMON_BLOCKS = YES;
				GCC_WARN_64_TO_32_BIT_CONVERSION = YES;
				GCC_WARN_ABOUT_RETURN_TYPE = YES_ERROR;
				GCC_WARN_UNDECLARED_SELECTOR = YES;
				GCC_WARN_UNINITIALIZED_AUTOS = YES_AGGRESSIVE;
				GCC_WARN_UNUSED_FUNCTION = YES;
				GCC_WARN_UNUSED_VARIABLE = YES;
				IPHONEOS_DEPLOYMENT_TARGET = 10.3;
				MTL_ENABLE_DEBUG_INFO = NO;
				SDKROOT = iphoneos;
				SWIFT_OPTIMIZATION_LEVEL = "-Owholemodule";
				VALIDATE_PRODUCT = YES;
			};
			name = Release;
		};
		04685AAD1EB7CFA800528F7A /* Debug */ = {
			isa = XCBuildConfiguration;
			buildSettings = {
				ASSETCATALOG_COMPILER_APPICON_NAME = AppIcon;
				DEVELOPMENT_TEAM = V38M9976HU;
				INFOPLIST_FILE = WavePlay/Info.plist;
				IPHONEOS_DEPLOYMENT_TARGET = 10.2;
				LD_RUNPATH_SEARCH_PATHS = "$(inherited) @executable_path/Frameworks";
				PRODUCT_BUNDLE_IDENTIFIER = ahspadafora.WavePlay;
				PRODUCT_NAME = "$(TARGET_NAME)";
				SWIFT_VERSION = 3.0;
			};
			name = Debug;
		};
		04685AAE1EB7CFA800528F7A /* Release */ = {
			isa = XCBuildConfiguration;
			buildSettings = {
				ASSETCATALOG_COMPILER_APPICON_NAME = AppIcon;
				DEVELOPMENT_TEAM = V38M9976HU;
				INFOPLIST_FILE = WavePlay/Info.plist;
				IPHONEOS_DEPLOYMENT_TARGET = 10.2;
				LD_RUNPATH_SEARCH_PATHS = "$(inherited) @executable_path/Frameworks";
				PRODUCT_BUNDLE_IDENTIFIER = ahspadafora.WavePlay;
				PRODUCT_NAME = "$(TARGET_NAME)";
				SWIFT_VERSION = 3.0;
			};
			name = Release;
		};
		04685AB01EB7CFA800528F7A /* Debug */ = {
			isa = XCBuildConfiguration;
			buildSettings = {
				ALWAYS_EMBED_SWIFT_STANDARD_LIBRARIES = YES;
				BUNDLE_LOADER = "$(TEST_HOST)";
				INFOPLIST_FILE = WavePlayTests/Info.plist;
				LD_RUNPATH_SEARCH_PATHS = "$(inherited) @executable_path/Frameworks @loader_path/Frameworks";
				PRODUCT_BUNDLE_IDENTIFIER = ahspadafora.WavePlayTests;
				PRODUCT_NAME = "$(TARGET_NAME)";
				SWIFT_VERSION = 3.0;
				TEST_HOST = "$(BUILT_PRODUCTS_DIR)/WavePlay.app/WavePlay";
			};
			name = Debug;
		};
		04685AB11EB7CFA800528F7A /* Release */ = {
			isa = XCBuildConfiguration;
			buildSettings = {
				ALWAYS_EMBED_SWIFT_STANDARD_LIBRARIES = YES;
				BUNDLE_LOADER = "$(TEST_HOST)";
				INFOPLIST_FILE = WavePlayTests/Info.plist;
				LD_RUNPATH_SEARCH_PATHS = "$(inherited) @executable_path/Frameworks @loader_path/Frameworks";
				PRODUCT_BUNDLE_IDENTIFIER = ahspadafora.WavePlayTests;
				PRODUCT_NAME = "$(TARGET_NAME)";
				SWIFT_VERSION = 3.0;
				TEST_HOST = "$(BUILT_PRODUCTS_DIR)/WavePlay.app/WavePlay";
			};
			name = Release;
		};
		04685AB31EB7CFA800528F7A /* Debug */ = {
			isa = XCBuildConfiguration;
			buildSettings = {
				ALWAYS_EMBED_SWIFT_STANDARD_LIBRARIES = YES;
				INFOPLIST_FILE = WavePlayUITests/Info.plist;
				LD_RUNPATH_SEARCH_PATHS = "$(inherited) @executable_path/Frameworks @loader_path/Frameworks";
				PRODUCT_BUNDLE_IDENTIFIER = ahspadafora.WavePlayUITests;
				PRODUCT_NAME = "$(TARGET_NAME)";
				SWIFT_VERSION = 3.0;
				TEST_TARGET_NAME = WavePlay;
			};
			name = Debug;
		};
		04685AB41EB7CFA800528F7A /* Release */ = {
			isa = XCBuildConfiguration;
			buildSettings = {
				ALWAYS_EMBED_SWIFT_STANDARD_LIBRARIES = YES;
				INFOPLIST_FILE = WavePlayUITests/Info.plist;
				LD_RUNPATH_SEARCH_PATHS = "$(inherited) @executable_path/Frameworks @loader_path/Frameworks";
				PRODUCT_BUNDLE_IDENTIFIER = ahspadafora.WavePlayUITests;
				PRODUCT_NAME = "$(TARGET_NAME)";
				SWIFT_VERSION = 3.0;
				TEST_TARGET_NAME = WavePlay;
			};
			name = Release;
		};
/* End XCBuildConfiguration section */

/* Begin XCConfigurationList section */
		04685A7F1EB7CFA300528F7A /* Build configuration list for PBXProject "WavePlay" */ = {
			isa = XCConfigurationList;
			buildConfigurations = (
				04685AAA1EB7CFA800528F7A /* Debug */,
				04685AAB1EB7CFA800528F7A /* Release */,
			);
			defaultConfigurationIsVisible = 0;
			defaultConfigurationName = Release;
		};
		04685AAC1EB7CFA800528F7A /* Build configuration list for PBXNativeTarget "WavePlay" */ = {
			isa = XCConfigurationList;
			buildConfigurations = (
				04685AAD1EB7CFA800528F7A /* Debug */,
				04685AAE1EB7CFA800528F7A /* Release */,
			);
			defaultConfigurationIsVisible = 0;
			defaultConfigurationName = Release;
		};
		04685AAF1EB7CFA800528F7A /* Build configuration list for PBXNativeTarget "WavePlayTests" */ = {
			isa = XCConfigurationList;
			buildConfigurations = (
				04685AB01EB7CFA800528F7A /* Debug */,
				04685AB11EB7CFA800528F7A /* Release */,
			);
			defaultConfigurationIsVisible = 0;
			defaultConfigurationName = Release;
		};
		04685AB21EB7CFA800528F7A /* Build configuration list for PBXNativeTarget "WavePlayUITests" */ = {
			isa = XCConfigurationList;
			buildConfigurations = (
				04685AB31EB7CFA800528F7A /* Debug */,
				04685AB41EB7CFA800528F7A /* Release */,
			);
			defaultConfigurationIsVisible = 0;
			defaultConfigurationName = Release;
		};
/* End XCConfigurationList section */
	};
	rootObject = 04685A7C1EB7CFA300528F7A /* Project object */;
}
